
Microsoft Visual Studio Solution File, Format Version 12.00
# Visual Studio Version 16
VisualStudioVersion = 16.0.29409.12
MinimumVisualStudioVersion = 10.0.40219.1
Project("{FAE04EC0-301F-11D3-BF4B-00C04F79EFBC}") = "SQLiteAspNetCoreDemo", "SQLiteAspNetCoreDemo\SQLiteAspNetCoreDemo.csproj", "{3F42BDF5-E5AE-4A7E-82E6-B56BA1CF308F}"
EndProject
Global
	GlobalSection(SolutionConfigurationPlatforms) = preSolution
		Debug|Any CPU = Debug|Any CPU
		Release|Any CPU = Release|Any CPU
	EndGlobalSection
	GlobalSection(ProjectConfigurationPlatforms) = postSolution
		{3F42BDF5-E5AE-4A7E-82E6-B56BA1CF308F}.Debug|Any CPU.ActiveCfg = Debug|Any CPU
		{3F42BDF5-E5AE-4A7E-82E6-B56BA1CF308F}.Debug|Any CPU.Build.0 = Debug|Any CPU
		{3F42BDF5-E5AE-4A7E-82E6-B56BA1CF308F}.Release|Any CPU.ActiveCfg = Release|Any CPU
		{3F42BDF5-E5AE-4A7E-82E6-B56BA1CF308F}.Release|Any CPU.Build.0 = Release|Any CPU
	EndGlobalSection
	GlobalSection(SolutionProperties) = preSolution
		HideSolutionNode = FALSE
	EndGlobalSection
	GlobalSection(ExtensibilityGlobals) = postSolution
		SolutionGuid = {EEFEE0C6-AC47-46C6-BC54-24291E0F7E40}
	EndGlobalSection
EndGlobal
